
Microsoft Visual Studio Solution File, Format Version 12.00
# Visual Studio Version 16
VisualStudioVersion = 16.0.31019.35
MinimumVisualStudioVersion = 10.0.40219.1
Project("{9A19103F-16F7-4668-BE54-9A1E7A4F7556}") = "Entidades", "VUE_CAR1678.Entidades\Entidades.csproj", "{49691A03-8FED-4A14-BE05-C52C40D22A99}"
EndProject
Project("{9A19103F-16F7-4668-BE54-9A1E7A4F7556}") = "Datos", "VUE_CAR1678.Datos\Datos.csproj", "{3CE95B21-25BD-4BAC-B627-80B905CCBF45}"
EndProject
Project("{9A19103F-16F7-4668-BE54-9A1E7A4F7556}") = "Web", "VUE_CAR1678.Web\Web.csproj", "{D3DFCEF3-30AC-47E7-833D-03A50335A9D5}"
EndProject
Global
	GlobalSection(SolutionConfigurationPlatforms) = preSolution
		Debug|Any CPU = Debug|Any CPU
		Release|Any CPU = Release|Any CPU
	EndGlobalSection
	GlobalSection(ProjectConfigurationPlatforms) = postSolution
		{49691A03-8FED-4A14-BE05-C52C40D22A99}.Debug|Any CPU.ActiveCfg = Debug|Any CPU
		{49691A03-8FED-4A14-BE05-C52C40D22A99}.Debug|Any CPU.Build.0 = Debug|Any CPU
		{49691A03-8FED-4A14-BE05-C52C40D22A99}.Release|Any CPU.ActiveCfg = Release|Any CPU
		{49691A03-8FED-4A14-BE05-C52C40D22A99}.Release|Any CPU.Build.0 = Release|Any CPU
		{3CE95B21-25BD-4BAC-B627-80B905CCBF45}.Debug|Any CPU.ActiveCfg = Debug|Any CPU
		{3CE95B21-25BD-4BAC-B627-80B905CCBF45}.Debug|Any CPU.Build.0 = Debug|Any CPU
		{3CE95B21-25BD-4BAC-B627-80B905CCBF45}.Release|Any CPU.ActiveCfg = Release|Any CPU
		{3CE95B21-25BD-4BAC-B627-80B905CCBF45}.Release|Any CPU.Build.0 = Release|Any CPU
		{D3DFCEF3-30AC-47E7-833D-03A50335A9D5}.Debug|Any CPU.ActiveCfg = Debug|Any CPU
		{D3DFCEF3-30AC-47E7-833D-03A50335A9D5}.Debug|Any CPU.Build.0 = Debug|Any CPU
		{D3DFCEF3-30AC-47E7-833D-03A50335A9D5}.Release|Any CPU.ActiveCfg = Release|Any CPU
		{D3DFCEF3-30AC-47E7-833D-03A50335A9D5}.Release|Any CPU.Build.0 = Release|Any CPU
	EndGlobalSection
	GlobalSection(SolutionProperties) = preSolution
		HideSolutionNode = FALSE
	EndGlobalSection
	GlobalSection(ExtensibilityGlobals) = postSolution
		SolutionGuid = {193F641F-CC87-42A9-B47F-A62A5BD51620}
	EndGlobalSection
EndGlobal
